{
  "version": 4,
  "terraform_version": "1.9.3",
  "serial": 94,
  "lineage": "827dc421-77ed-edda-2452-7e4646d6375b",
  "outputs": {
    "cluster_id": {
      "value": "demo",
      "type": "string"
    },
    "eks": {
      "value": "arn:aws:iam::058264270488:role/eks-cluster-demo",
      "type": "string"
    },
    "nodes": {
      "value": "arn:aws:iam::058264270488:role/eks-node-group-nodes",
      "type": "string"
    }
  },
  "resources": [
    {
      "mode": "data",
      "type": "aws_iam_role",
      "name": "eks",
      "provider": "provider[\"registry.terraform.io/hashicorp/aws\"]",
      "instances": [
        {
          "schema_version": 0,
          "attributes": {
            "arn": "arn:aws:iam::058264270488:role/eks-cluster-demo",
            "assume_role_policy": "{\"Version\":\"2012-10-17\",\"Statement\":[{\"Sid\":\"AllowEKSAssumeRole\",\"Effect\":\"Allow\",\"Principal\":{\"Service\":\"eks.amazonaws.com\"},\"Action\":\"sts:AssumeRole\"}]}",
            "create_date": "2024-10-05T18:37:36Z",
            "description": "",
            "id": "eks-cluster-demo",
            "max_session_duration": 3600,
            "name": "eks-cluster-demo",
            "path": "/",
            "permissions_boundary": "",
            "tags": {},
            "unique_id": "AROAQ3EGSG2MLV3M4MCBB"
          },
          "sensitive_attributes": []
        }
      ]
    },
    {
      "mode": "data",
      "type": "aws_iam_role",
      "name": "nodes",
      "provider": "provider[\"registry.terraform.io/hashicorp/aws\"]",
      "instances": [
        {
          "schema_version": 0,
          "attributes": {
            "arn": "arn:aws:iam::058264270488:role/eks-node-group-nodes",
            "assume_role_policy": "{\"Version\":\"2012-10-17\",\"Statement\":[{\"Sid\":\"AllowEKSAssumeRole\",\"Effect\":\"Allow\",\"Principal\":{\"Service\":\"ec2.amazonaws.com\"},\"Action\":\"sts:AssumeRole\"}]}",
            "create_date": "2024-10-05T18:37:36Z",
            "description": "",
            "id": "eks-node-group-nodes",
            "max_session_duration": 3600,
            "name": "eks-node-group-nodes",
            "path": "/",
            "permissions_boundary": "",
            "tags": {},
            "unique_id": "AROAQ3EGSG2MADLG2MMEU"
          },
          "sensitive_attributes": []
        }
      ]
    },
    {
      "mode": "data",
      "type": "aws_subnets",
      "name": "nodes",
      "provider": "provider[\"registry.terraform.io/hashicorp/aws\"]",
      "instances": [
        {
          "schema_version": 0,
          "attributes": {
            "filter": [
              {
                "name": "vpc-id",
                "values": [
                  "vpc-0227a0b4a74025e9f"
                ]
              }
            ],
            "id": "ca-central-1",
            "ids": [
              "subnet-01068bbe1d379c269",
              "subnet-072615a3edabbc964"
            ],
            "tags": {
              "Name": "private"
            }
          },
          "sensitive_attributes": []
        }
      ]
    },
    {
      "mode": "data",
      "type": "aws_subnets",
      "name": "private",
      "provider": "provider[\"registry.terraform.io/hashicorp/aws\"]",
      "instances": [
        {
          "schema_version": 0,
          "attributes": {
            "filter": [
              {
                "name": "vpc-id",
                "values": [
                  "vpc-0227a0b4a74025e9f"
                ]
              }
            ],
            "id": "ca-central-1",
            "ids": [
              "subnet-07b350eebd36282c6",
              "subnet-01068bbe1d379c269",
              "subnet-072615a3edabbc964",
              "subnet-0e51843cb60f04baf"
            ],
            "tags": null
          },
          "sensitive_attributes": []
        }
      ]
    },
    {
      "mode": "data",
      "type": "aws_vpc",
      "name": "dev",
      "provider": "provider[\"registry.terraform.io/hashicorp/aws\"]",
      "instances": [
        {
          "schema_version": 0,
          "attributes": {
            "arn": "arn:aws:ec2:ca-central-1:058264270488:vpc/vpc-0227a0b4a74025e9f",
            "cidr_block": "10.0.0.0/16",
            "cidr_block_associations": [
              {
                "association_id": "vpc-cidr-assoc-0d5c264f0f01f26c5",
                "cidr_block": "10.0.0.0/16",
                "state": "associated"
              }
            ],
            "default": false,
            "dhcp_options_id": "dopt-0d7872cb56f643cb6",
            "enable_dns_hostnames": false,
            "enable_dns_support": true,
            "filter": null,
            "id": "vpc-0227a0b4a74025e9f",
            "instance_tenancy": "default",
            "ipv6_association_id": "",
            "ipv6_cidr_block": "",
            "main_route_table_id": "rtb-0aa492cf752aac17d",
            "owner_id": "058264270488",
            "state": null,
            "tags": {
              "Name": "eks-vpc"
            }
          },
          "sensitive_attributes": []
        }
      ]
    },
    {
      "mode": "managed",
      "type": "aws_eks_cluster",
      "name": "demo",
      "provider": "provider[\"registry.terraform.io/hashicorp/aws\"]",
      "instances": [
        {
          "schema_version": 0,
          "attributes": {
            "arn": "arn:aws:eks:ca-central-1:058264270488:cluster/demo",
            "certificate_authority": [
              {
                "data": "LS0tLS1CRUdJTiBDRVJUSUZJQ0FURS0tLS0tCk1JSURCVENDQWUyZ0F3SUJBZ0lJTUM3UWx6SmZLWlV3RFFZSktvWklodmNOQVFFTEJRQXdGVEVUTUJFR0ExVUUKQXhNS2EzVmlaWEp1WlhSbGN6QWVGdzB5TkRFd01EVXhPRFF5TVROYUZ3MHpOREV3TURNeE9EUTNNVE5hTUJVeApFekFSQmdOVkJBTVRDbXQxWW1WeWJtVjBaWE13Z2dFaU1BMEdDU3FHU0liM0RRRUJBUVVBQTRJQkR3QXdnZ0VLCkFvSUJBUURITlZoY3Iyejh2K2d5ZzVUVDlMUlNDbTl2MGppWmdsRnRaQUhaellrQXJ6VDFyZmhNbVRENzlpTU8KeENpZjhNai90Qm52QnlIRXlnSWlkSWxNQkdnR1daTW5tcTBKMUdxbzJwRGJ0dkZZR2tzaUlMc0NRWit5MmZqZgpsVnYzdlY0eFZDV0xiUWlraVBpR21lNWRWYkdtZkxvb2hLM1BTdWE1ZUdrc2IyNFNtdVp6aG41NTVHbkhJb2ZqCnBUNUtUYzV4aGRxSWw4RDNVQnI4S01RZXowc2RqQWZudGN5Y3Y5Q3dkdi8xNC8xOGpuSW1OazEwZ0FkcDNXRVgKS3NVZ096ZVBoUm9wajZXbHhpMXlDUUYxTC9HK3FUa3RncEc0ZFhHMDZORGRZVWJtTzVtVGE4eWVZbXVXN25NVgpCbFpSMkVsYWpVaWU4ZTYwTHNyaVVNQ2ZTdmR4QWdNQkFBR2pXVEJYTUE0R0ExVWREd0VCL3dRRUF3SUNwREFQCkJnTlZIUk1CQWY4RUJUQURBUUgvTUIwR0ExVWREZ1FXQkJSZ2l4TGlIRUROQkVTejUxYjIvb0trSEtMWFZqQVYKQmdOVkhSRUVEakFNZ2dwcmRXSmxjbTVsZEdWek1BMEdDU3FHU0liM0RRRUJDd1VBQTRJQkFRQTVrWStJNHl0YQpNVFhwb2x3eFRoN01HTTZ5MWpQZWR5RmhlZ1JYejdpdkJYaUxRLy9wZ0t5WFVwMGVQK2V3Z0NjSEdlLzBYZGRpCjVNR3VXNEtwVXV4NEVXNGViaUF3d3FIZUVvQ2tMKzk3dHVzTmc3S0xWUUdUMWtVT3ZsSVVEL29MejB3U09JZTAKcGUyL3RYRXZFdGtOU3A5ZFpqWStSVkVyUG1tbys3eFZTc0FGK2xWbTJtZjRRYlo5emdkd3Z6cjErUXRWcFpQMgpEeGF6a21NOU9ZK3BHeHYrU1IveVlnNVR2NWwxa2h0Yzg1ZEhwNGVoRDhBbXliRlppUHZSaTVnQ296cWhEaDBwCnFldTYrcDFwR0Z6Sml3eGdVUzdSNUo0U2tKRDY1Nlh1aUljbk9YNExZdDQza1QxKzV6dlN0T1p6TEVoMDJxSisKY0hRS3RZdk14RVNmCi0tLS0tRU5EIENFUlRJRklDQVRFLS0tLS0K"
              }
            ],
            "created_at": "2024-10-05 18:43:13.07 +0000 UTC",
            "enabled_cluster_log_types": null,
            "encryption_config": [],
            "endpoint": "https://D5E00373A820B250A5315DB00ECDF00E.yl4.ca-central-1.eks.amazonaws.com",
            "id": "demo",
            "identity": [
              {
                "oidc": [
                  {
                    "issuer": "https://oidc.eks.ca-central-1.amazonaws.com/id/D5E00373A820B250A5315DB00ECDF00E"
                  }
                ]
              }
            ],
            "kubernetes_network_config": [
              {
                "ip_family": "ipv4",
                "service_ipv4_cidr": "172.20.0.0/16"
              }
            ],
            "name": "demo",
            "platform_version": "eks.8",
            "role_arn": "arn:aws:iam::058264270488:role/eks-cluster-demo",
            "status": "ACTIVE",
            "tags": null,
            "tags_all": {},
            "timeouts": null,
            "version": "1.30",
            "vpc_config": [
              {
                "cluster_security_group_id": "sg-0940795a7afc25573",
                "endpoint_private_access": true,
                "endpoint_public_access": true,
                "public_access_cidrs": [
                  "0.0.0.0/0"
                ],
                "security_group_ids": null,
                "subnet_ids": [
                  "subnet-01068bbe1d379c269",
                  "subnet-072615a3edabbc964",
                  "subnet-07b350eebd36282c6",
                  "subnet-0e51843cb60f04baf"
                ],
                "vpc_id": "vpc-0227a0b4a74025e9f"
              }
            ]
          },
          "sensitive_attributes": [],
          "private": "eyJlMmJmYjczMC1lY2FhLTExZTYtOGY4OC0zNDM2M2JjN2M0YzAiOnsiY3JlYXRlIjoxODAwMDAwMDAwMDAwLCJkZWxldGUiOjkwMDAwMDAwMDAwMCwidXBkYXRlIjozNjAwMDAwMDAwMDAwfX0=",
          "dependencies": [
            "data.aws_iam_role.eks",
            "data.aws_subnets.private",
            "data.aws_vpc.dev"
          ]
        }
      ]
    },
    {
      "mode": "managed",
      "type": "aws_eks_node_group",
      "name": "private-nodes",
      "provider": "provider[\"registry.terraform.io/hashicorp/aws\"]",
      "instances": [
        {
          "schema_version": 0,
          "attributes": {
            "ami_type": "AL2023_x86_64_STANDARD",
            "arn": "arn:aws:eks:ca-central-1:058264270488:nodegroup/demo/private-nodes/86c92f02-c2a8-1670-c0a7-515d604e8cc8",
            "capacity_type": "ON_DEMAND",
            "cluster_name": "demo",
            "disk_size": 20,
            "force_update_version": null,
            "id": "demo:private-nodes",
            "instance_types": [
              "t2.medium"
            ],
            "labels": {
              "role": "devops"
            },
            "launch_template": [],
            "node_group_name": "private-nodes",
            "node_group_name_prefix": "",
            "node_role_arn": "arn:aws:iam::058264270488:role/eks-node-group-nodes",
            "release_version": "1.30.4-20240928",
            "remote_access": [],
            "resources": [
              {
                "autoscaling_groups": [
                  {
                    "name": "eks-private-nodes-86c92f02-c2a8-1670-c0a7-515d604e8cc8"
                  }
                ],
                "remote_access_security_group_id": ""
              }
            ],
            "scaling_config": [
              {
                "desired_size": 2,
                "max_size": 10,
                "min_size": 0
              }
            ],
            "status": "ACTIVE",
            "subnet_ids": [
              "subnet-01068bbe1d379c269",
              "subnet-072615a3edabbc964"
            ],
            "tags": {
              "k8s.io/cluster-autoscaler/demo": "owned",
              "k8s.io/cluster-autoscaler/enabled": "true"
            },
            "tags_all": {
              "k8s.io/cluster-autoscaler/demo": "owned",
              "k8s.io/cluster-autoscaler/enabled": "true"
            },
            "taint": [],
            "timeouts": null,
            "update_config": [
              {
                "max_unavailable": 1,
                "max_unavailable_percentage": 0
              }
            ],
            "version": "1.30"
          },
          "sensitive_attributes": [],
          "private": "eyJlMmJmYjczMC1lY2FhLTExZTYtOGY4OC0zNDM2M2JjN2M0YzAiOnsiY3JlYXRlIjozNjAwMDAwMDAwMDAwLCJkZWxldGUiOjM2MDAwMDAwMDAwMDAsInVwZGF0ZSI6MzYwMDAwMDAwMDAwMH19",
          "dependencies": [
            "aws_eks_cluster.demo",
            "data.aws_iam_role.eks",
            "data.aws_iam_role.nodes",
            "data.aws_subnets.nodes",
            "data.aws_subnets.private",
            "data.aws_vpc.dev"
          ]
        }
      ]
    }
  ],
  "check_results": null
}
