{
  "version": 4,
  "terraform_version": "1.9.3",
  "serial": 438,
  "lineage": "b452603c-f764-db65-b35c-8df1dc1b27a9",
  "outputs": {},
  "resources": [
    {
      "mode": "data",
      "type": "aws_caller_identity",
      "name": "current",
      "provider": "provider[\"registry.terraform.io/hashicorp/aws\"]",
      "instances": [
        {
          "schema_version": 0,
          "attributes": {
            "account_id": "058264270488",
            "arn": "arn:aws:iam::058264270488:root",
            "id": "058264270488",
            "user_id": "058264270488"
          },
          "sensitive_attributes": []
        }
      ]
    },
    {
      "mode": "data",
      "type": "aws_eks_cluster",
      "name": "cluster",
      "provider": "provider[\"registry.terraform.io/hashicorp/aws\"]",
      "instances": [
        {
          "schema_version": 0,
          "attributes": {
            "access_config": [
              {
                "authentication_mode": "CONFIG_MAP",
                "bootstrap_cluster_creator_admin_permissions": true
              }
            ],
            "arn": "arn:aws:eks:ca-central-1:058264270488:cluster/demo",
            "certificate_authority": [
              {
                "data": "LS0tLS1CRUdJTiBDRVJUSUZJQ0FURS0tLS0tCk1JSURCVENDQWUyZ0F3SUJBZ0lJTUM3UWx6SmZLWlV3RFFZSktvWklodmNOQVFFTEJRQXdGVEVUTUJFR0ExVUUKQXhNS2EzVmlaWEp1WlhSbGN6QWVGdzB5TkRFd01EVXhPRFF5TVROYUZ3MHpOREV3TURNeE9EUTNNVE5hTUJVeApFekFSQmdOVkJBTVRDbXQxWW1WeWJtVjBaWE13Z2dFaU1BMEdDU3FHU0liM0RRRUJBUVVBQTRJQkR3QXdnZ0VLCkFvSUJBUURITlZoY3Iyejh2K2d5ZzVUVDlMUlNDbTl2MGppWmdsRnRaQUhaellrQXJ6VDFyZmhNbVRENzlpTU8KeENpZjhNai90Qm52QnlIRXlnSWlkSWxNQkdnR1daTW5tcTBKMUdxbzJwRGJ0dkZZR2tzaUlMc0NRWit5MmZqZgpsVnYzdlY0eFZDV0xiUWlraVBpR21lNWRWYkdtZkxvb2hLM1BTdWE1ZUdrc2IyNFNtdVp6aG41NTVHbkhJb2ZqCnBUNUtUYzV4aGRxSWw4RDNVQnI4S01RZXowc2RqQWZudGN5Y3Y5Q3dkdi8xNC8xOGpuSW1OazEwZ0FkcDNXRVgKS3NVZ096ZVBoUm9wajZXbHhpMXlDUUYxTC9HK3FUa3RncEc0ZFhHMDZORGRZVWJtTzVtVGE4eWVZbXVXN25NVgpCbFpSMkVsYWpVaWU4ZTYwTHNyaVVNQ2ZTdmR4QWdNQkFBR2pXVEJYTUE0R0ExVWREd0VCL3dRRUF3SUNwREFQCkJnTlZIUk1CQWY4RUJUQURBUUgvTUIwR0ExVWREZ1FXQkJSZ2l4TGlIRUROQkVTejUxYjIvb0trSEtMWFZqQVYKQmdOVkhSRUVEakFNZ2dwcmRXSmxjbTVsZEdWek1BMEdDU3FHU0liM0RRRUJDd1VBQTRJQkFRQTVrWStJNHl0YQpNVFhwb2x3eFRoN01HTTZ5MWpQZWR5RmhlZ1JYejdpdkJYaUxRLy9wZ0t5WFVwMGVQK2V3Z0NjSEdlLzBYZGRpCjVNR3VXNEtwVXV4NEVXNGViaUF3d3FIZUVvQ2tMKzk3dHVzTmc3S0xWUUdUMWtVT3ZsSVVEL29MejB3U09JZTAKcGUyL3RYRXZFdGtOU3A5ZFpqWStSVkVyUG1tbys3eFZTc0FGK2xWbTJtZjRRYlo5emdkd3Z6cjErUXRWcFpQMgpEeGF6a21NOU9ZK3BHeHYrU1IveVlnNVR2NWwxa2h0Yzg1ZEhwNGVoRDhBbXliRlppUHZSaTVnQ296cWhEaDBwCnFldTYrcDFwR0Z6Sml3eGdVUzdSNUo0U2tKRDY1Nlh1aUljbk9YNExZdDQza1QxKzV6dlN0T1p6TEVoMDJxSisKY0hRS3RZdk14RVNmCi0tLS0tRU5EIENFUlRJRklDQVRFLS0tLS0K"
              }
            ],
            "cluster_id": null,
            "created_at": "2024-10-05T18:43:13Z",
            "enabled_cluster_log_types": [],
            "endpoint": "https://D5E00373A820B250A5315DB00ECDF00E.yl4.ca-central-1.eks.amazonaws.com",
            "id": "demo",
            "identity": [
              {
                "oidc": [
                  {
                    "issuer": "https://oidc.eks.ca-central-1.amazonaws.com/id/D5E00373A820B250A5315DB00ECDF00E"
                  }
                ]
              }
            ],
            "kubernetes_network_config": [
              {
                "ip_family": "ipv4",
                "service_ipv4_cidr": "172.20.0.0/16",
                "service_ipv6_cidr": ""
              }
            ],
            "name": "demo",
            "outpost_config": [],
            "platform_version": "eks.8",
            "role_arn": "arn:aws:iam::058264270488:role/eks-cluster-demo",
            "status": "ACTIVE",
            "tags": {},
            "upgrade_policy": [
              {
                "support_type": "EXTENDED"
              }
            ],
            "version": "1.30",
            "vpc_config": [
              {
                "cluster_security_group_id": "sg-0940795a7afc25573",
                "endpoint_private_access": true,
                "endpoint_public_access": true,
                "public_access_cidrs": [
                  "0.0.0.0/0"
                ],
                "security_group_ids": [],
                "subnet_ids": [
                  "subnet-01068bbe1d379c269",
                  "subnet-072615a3edabbc964",
                  "subnet-07b350eebd36282c6",
                  "subnet-0e51843cb60f04baf"
                ],
                "vpc_id": "vpc-0227a0b4a74025e9f"
              }
            ]
          },
          "sensitive_attributes": []
        }
      ]
    },
    {
      "mode": "data",
      "type": "aws_eks_cluster_auth",
      "name": "cluster",
      "provider": "provider[\"registry.terraform.io/hashicorp/aws\"]",
      "instances": [
        {
          "schema_version": 0,
          "attributes": {
            "id": "demo",
            "name": "demo",
            "token": "k8s-aws-v1.aHR0cHM6Ly9zdHMuY2EtY2VudHJhbC0xLmFtYXpvbmF3cy5jb20vP0FjdGlvbj1HZXRDYWxsZXJJZGVudGl0eSZWZXJzaW9uPTIwMTEtMDYtMTUmWC1BbXotQWxnb3JpdGhtPUFXUzQtSE1BQy1TSEEyNTYmWC1BbXotQ3JlZGVudGlhbD1BS0lBUTNFR1NHMk1MR1lCT041NyUyRjIwMjQxMDA1JTJGY2EtY2VudHJhbC0xJTJGc3RzJTJGYXdzNF9yZXF1ZXN0JlgtQW16LURhdGU9MjAyNDEwMDVUMTg1MzM1WiZYLUFtei1FeHBpcmVzPTAmWC1BbXotU2lnbmVkSGVhZGVycz1ob3N0JTNCeC1rOHMtYXdzLWlkJlgtQW16LVNpZ25hdHVyZT1iZDZjYjFjNWU1ZWIzNjE0MDNhZTk1Yzg1OWQ4OWExNzdhYTIyOGU3MjU2OGUzYzY4N2ZhMDNhYTM4YzJiZDFj"
          },
          "sensitive_attributes": [
            [
              {
                "type": "get_attr",
                "value": "token"
              }
            ]
          ]
        }
      ]
    },
    {
      "mode": "data",
      "type": "aws_iam_policy_document",
      "name": "datadog",
      "provider": "provider[\"registry.terraform.io/hashicorp/aws\"]",
      "instances": [
        {
          "schema_version": 0,
          "attributes": {
            "id": "484069940",
            "json": "{\n  \"Version\": \"2012-10-17\",\n  \"Statement\": [\n    {\n      \"Sid\": \"AllowDatadog\",\n      \"Effect\": \"Allow\",\n      \"Action\": [\n        \"xray:GetTraceSummaries\",\n        \"xray:BatchGetTraces\",\n        \"tag:GetTagValues\",\n        \"tag:GetTagKeys\",\n        \"tag:GetResources\",\n        \"support:RefreshTrustedAdvisorCheck\",\n        \"support:DescribeTrustedAdvisor*\",\n        \"states:ListStateMachines\",\n        \"states:DescribeStateMachine\",\n        \"sqs:ListQueues\",\n        \"sns:Publish\",\n        \"sns:List*\",\n        \"ses:Get*\",\n        \"s3:PutBucketNotification\",\n        \"s3:ListAllMyBuckets\",\n        \"s3:GetBucketTagging\",\n        \"s3:GetBucketNotification\",\n        \"s3:GetBucketLogging\",\n        \"s3:GetBucketLocation\",\n        \"route53:List*\",\n        \"redshift:DescribeLoggingStatus\",\n        \"redshift:DescribeClusters\",\n        \"rds:List*\",\n        \"rds:Describe*\",\n        \"organizations:List*\",\n        \"organizations:Describe*\",\n        \"logs:TestMetricFilter\",\n        \"logs:PutSubscriptionFilter\",\n        \"logs:FilterLogEvents\",\n        \"logs:DescribeSubscriptionFilters\",\n        \"logs:DescribeLogStreams\",\n        \"logs:DescribeLogGroups\",\n        \"logs:DeleteSubscriptionFilter\",\n        \"lambda:List*\",\n        \"lambda:GetPolicy\",\n        \"kinesis:List*\",\n        \"kinesis:Describe*\",\n        \"health:DescribeEvents\",\n        \"health:DescribeEventDetails\",\n        \"health:DescribeAffectedEntities\",\n        \"fsx:ListTagsForResource\",\n        \"fsx:DescribeFileSystems\",\n        \"events:CreateEventBus\",\n        \"es:ListTags\",\n        \"es:ListDomainNames\",\n        \"es:DescribeElasticsearchDomains\",\n        \"elasticmapreduce:List*\",\n        \"elasticmapreduce:Describe*\",\n        \"elasticloadbalancing:Describe*\",\n        \"elasticfilesystem:DescribeTags\",\n        \"elasticfilesystem:DescribeFileSystems\",\n        \"elasticfilesystem:DescribeAccessPoints\",\n        \"elasticache:List*\",\n        \"elasticache:Describe*\",\n        \"ecs:List*\",\n        \"ecs:Describe*\",\n        \"ec2:SearchTransitGatewayRoutes\",\n        \"ec2:GetTransitGatewayPrefixListReferences\",\n        \"ec2:Describe*\",\n        \"dynamodb:List*\",\n        \"dynamodb:Describe*\",\n        \"directconnect:Describe*\",\n        \"codedeploy:List*\",\n        \"codedeploy:BatchGet*\",\n        \"cloudwatch:List*\",\n        \"cloudwatch:Get*\",\n        \"cloudwatch:Describe*\",\n        \"cloudtrail:LookupEvents\",\n        \"cloudtrail:GetTrailStatus\",\n        \"cloudtrail:DescribeTrails\",\n        \"cloudfront:ListDistributions\",\n        \"cloudfront:GetDistributionConfig\",\n        \"budgets:ViewBudget\",\n        \"budgets:*\",\n        \"backup:List*\",\n        \"autoscaling:Describe*\",\n        \"apigateway:GET\"\n      ],\n      \"Resource\": \"*\"\n    }\n  ]\n}",
            "minified_json": "{\"Version\":\"2012-10-17\",\"Statement\":[{\"Sid\":\"AllowDatadog\",\"Effect\":\"Allow\",\"Action\":[\"xray:GetTraceSummaries\",\"xray:BatchGetTraces\",\"tag:GetTagValues\",\"tag:GetTagKeys\",\"tag:GetResources\",\"support:RefreshTrustedAdvisorCheck\",\"support:DescribeTrustedAdvisor*\",\"states:ListStateMachines\",\"states:DescribeStateMachine\",\"sqs:ListQueues\",\"sns:Publish\",\"sns:List*\",\"ses:Get*\",\"s3:PutBucketNotification\",\"s3:ListAllMyBuckets\",\"s3:GetBucketTagging\",\"s3:GetBucketNotification\",\"s3:GetBucketLogging\",\"s3:GetBucketLocation\",\"route53:List*\",\"redshift:DescribeLoggingStatus\",\"redshift:DescribeClusters\",\"rds:List*\",\"rds:Describe*\",\"organizations:List*\",\"organizations:Describe*\",\"logs:TestMetricFilter\",\"logs:PutSubscriptionFilter\",\"logs:FilterLogEvents\",\"logs:DescribeSubscriptionFilters\",\"logs:DescribeLogStreams\",\"logs:DescribeLogGroups\",\"logs:DeleteSubscriptionFilter\",\"lambda:List*\",\"lambda:GetPolicy\",\"kinesis:List*\",\"kinesis:Describe*\",\"health:DescribeEvents\",\"health:DescribeEventDetails\",\"health:DescribeAffectedEntities\",\"fsx:ListTagsForResource\",\"fsx:DescribeFileSystems\",\"events:CreateEventBus\",\"es:ListTags\",\"es:ListDomainNames\",\"es:DescribeElasticsearchDomains\",\"elasticmapreduce:List*\",\"elasticmapreduce:Describe*\",\"elasticloadbalancing:Describe*\",\"elasticfilesystem:DescribeTags\",\"elasticfilesystem:DescribeFileSystems\",\"elasticfilesystem:DescribeAccessPoints\",\"elasticache:List*\",\"elasticache:Describe*\",\"ecs:List*\",\"ecs:Describe*\",\"ec2:SearchTransitGatewayRoutes\",\"ec2:GetTransitGatewayPrefixListReferences\",\"ec2:Describe*\",\"dynamodb:List*\",\"dynamodb:Describe*\",\"directconnect:Describe*\",\"codedeploy:List*\",\"codedeploy:BatchGet*\",\"cloudwatch:List*\",\"cloudwatch:Get*\",\"cloudwatch:Describe*\",\"cloudtrail:LookupEvents\",\"cloudtrail:GetTrailStatus\",\"cloudtrail:DescribeTrails\",\"cloudfront:ListDistributions\",\"cloudfront:GetDistributionConfig\",\"budgets:ViewBudget\",\"budgets:*\",\"backup:List*\",\"autoscaling:Describe*\",\"apigateway:GET\"],\"Resource\":\"*\"}]}",
            "override_json": null,
            "override_policy_documents": null,
            "policy_id": null,
            "source_json": null,
            "source_policy_documents": null,
            "statement": [
              {
                "actions": [
                  "apigateway:GET",
                  "autoscaling:Describe*",
                  "backup:List*",
                  "budgets:*",
                  "budgets:ViewBudget",
                  "cloudfront:GetDistributionConfig",
                  "cloudfront:ListDistributions",
                  "cloudtrail:DescribeTrails",
                  "cloudtrail:GetTrailStatus",
                  "cloudtrail:LookupEvents",
                  "cloudwatch:Describe*",
                  "cloudwatch:Get*",
                  "cloudwatch:List*",
                  "codedeploy:BatchGet*",
                  "codedeploy:List*",
                  "directconnect:Describe*",
                  "dynamodb:Describe*",
                  "dynamodb:List*",
                  "ec2:Describe*",
                  "ec2:GetTransitGatewayPrefixListReferences",
                  "ec2:SearchTransitGatewayRoutes",
                  "ecs:Describe*",
                  "ecs:List*",
                  "elasticache:Describe*",
                  "elasticache:List*",
                  "elasticfilesystem:DescribeAccessPoints",
                  "elasticfilesystem:DescribeFileSystems",
                  "elasticfilesystem:DescribeTags",
                  "elasticloadbalancing:Describe*",
                  "elasticmapreduce:Describe*",
                  "elasticmapreduce:List*",
                  "es:DescribeElasticsearchDomains",
                  "es:ListDomainNames",
                  "es:ListTags",
                  "events:CreateEventBus",
                  "fsx:DescribeFileSystems",
                  "fsx:ListTagsForResource",
                  "health:DescribeAffectedEntities",
                  "health:DescribeEventDetails",
                  "health:DescribeEvents",
                  "kinesis:Describe*",
                  "kinesis:List*",
                  "lambda:GetPolicy",
                  "lambda:List*",
                  "logs:DeleteSubscriptionFilter",
                  "logs:DescribeLogGroups",
                  "logs:DescribeLogStreams",
                  "logs:DescribeSubscriptionFilters",
                  "logs:FilterLogEvents",
                  "logs:PutSubscriptionFilter",
                  "logs:TestMetricFilter",
                  "organizations:Describe*",
                  "organizations:List*",
                  "rds:Describe*",
                  "rds:List*",
                  "redshift:DescribeClusters",
                  "redshift:DescribeLoggingStatus",
                  "route53:List*",
                  "s3:GetBucketLocation",
                  "s3:GetBucketLogging",
                  "s3:GetBucketNotification",
                  "s3:GetBucketTagging",
                  "s3:ListAllMyBuckets",
                  "s3:PutBucketNotification",
                  "ses:Get*",
                  "sns:List*",
                  "sns:Publish",
                  "sqs:ListQueues",
                  "states:DescribeStateMachine",
                  "states:ListStateMachines",
                  "support:DescribeTrustedAdvisor*",
                  "support:RefreshTrustedAdvisorCheck",
                  "tag:GetResources",
                  "tag:GetTagKeys",
                  "tag:GetTagValues",
                  "xray:BatchGetTraces",
                  "xray:GetTraceSummaries"
                ],
                "condition": [],
                "effect": "Allow",
                "not_actions": [],
                "not_principals": [],
                "not_resources": [],
                "principals": [],
                "resources": [
                  "*"
                ],
                "sid": "AllowDatadog"
              }
            ],
            "version": "2012-10-17"
          },
          "sensitive_attributes": []
        }
      ]
    },
    {
      "mode": "data",
      "type": "aws_iam_policy_document",
      "name": "datadog_assume_role",
      "provider": "provider[\"registry.terraform.io/hashicorp/aws\"]",
      "instances": [
        {
          "schema_version": 0,
          "attributes": {
            "id": "3121230190",
            "json": "{\n  \"Version\": \"2012-10-17\",\n  \"Statement\": [\n    {\n      \"Sid\": \"AllowDatadogAssumeRole\",\n      \"Effect\": \"Allow\",\n      \"Action\": \"sts:AssumeRole\",\n      \"Principal\": {\n        \"AWS\": \"arn:aws:iam::464622532012:root\"\n      },\n      \"Condition\": {\n        \"StringEquals\": {\n          \"sts:ExternalId\": \"c91fb9c7a5e94fa981d328a65b6d9146\"\n        }\n      }\n    }\n  ]\n}",
            "minified_json": "{\"Version\":\"2012-10-17\",\"Statement\":[{\"Sid\":\"AllowDatadogAssumeRole\",\"Effect\":\"Allow\",\"Action\":\"sts:AssumeRole\",\"Principal\":{\"AWS\":\"arn:aws:iam::464622532012:root\"},\"Condition\":{\"StringEquals\":{\"sts:ExternalId\":\"c91fb9c7a5e94fa981d328a65b6d9146\"}}}]}",
            "override_json": null,
            "override_policy_documents": null,
            "policy_id": null,
            "source_json": null,
            "source_policy_documents": null,
            "statement": [
              {
                "actions": [
                  "sts:AssumeRole"
                ],
                "condition": [
                  {
                    "test": "StringEquals",
                    "values": [
                      "c91fb9c7a5e94fa981d328a65b6d9146"
                    ],
                    "variable": "sts:ExternalId"
                  }
                ],
                "effect": "Allow",
                "not_actions": [],
                "not_principals": [],
                "not_resources": [],
                "principals": [
                  {
                    "identifiers": [
                      "arn:aws:iam::464622532012:root"
                    ],
                    "type": "AWS"
                  }
                ],
                "resources": [],
                "sid": "AllowDatadogAssumeRole"
              }
            ],
            "version": "2012-10-17"
          },
          "sensitive_attributes": []
        }
      ]
    },
    {
      "mode": "data",
      "type": "datadog_role",
      "name": "ro_role",
      "provider": "provider[\"registry.terraform.io/datadog/datadog\"]",
      "instances": [
        {
          "schema_version": 0,
          "attributes": {
            "filter": "Datadog Read Only Role",
            "id": "210f64a0-7ffa-11ef-9ba6-da7ad0900005",
            "name": "Datadog Read Only Role",
            "user_count": 0
          },
          "sensitive_attributes": []
        }
      ]
    },
    {
      "mode": "data",
      "type": "datadog_role",
      "name": "st_role",
      "provider": "provider[\"registry.terraform.io/datadog/datadog\"]",
      "instances": [
        {
          "schema_version": 0,
          "attributes": {
            "filter": "Datadog Standard Role",
            "id": "21080282-7ffa-11ef-b126-da7ad0900005",
            "name": "Datadog Standard Role",
            "user_count": 0
          },
          "sensitive_attributes": []
        }
      ]
    },
    {
      "mode": "managed",
      "type": "aws_iam_policy",
      "name": "datadog_policy",
      "provider": "provider[\"registry.terraform.io/hashicorp/aws\"]",
      "instances": [
        {
          "schema_version": 0,
          "attributes": {
            "arn": "arn:aws:iam::058264270488:policy/DatadogIntegrationPolicy",
            "attachment_count": 0,
            "description": "",
            "id": "arn:aws:iam::058264270488:policy/DatadogIntegrationPolicy",
            "name": "DatadogIntegrationPolicy",
            "name_prefix": "",
            "path": "/",
            "policy": "{\"Statement\":[{\"Action\":[\"xray:GetTraceSummaries\",\"xray:BatchGetTraces\",\"tag:GetTagValues\",\"tag:GetTagKeys\",\"tag:GetResources\",\"support:RefreshTrustedAdvisorCheck\",\"support:DescribeTrustedAdvisor*\",\"states:ListStateMachines\",\"states:DescribeStateMachine\",\"sqs:ListQueues\",\"sns:Publish\",\"sns:List*\",\"ses:Get*\",\"s3:PutBucketNotification\",\"s3:ListAllMyBuckets\",\"s3:GetBucketTagging\",\"s3:GetBucketNotification\",\"s3:GetBucketLogging\",\"s3:GetBucketLocation\",\"route53:List*\",\"redshift:DescribeLoggingStatus\",\"redshift:DescribeClusters\",\"rds:List*\",\"rds:Describe*\",\"organizations:List*\",\"organizations:Describe*\",\"logs:TestMetricFilter\",\"logs:PutSubscriptionFilter\",\"logs:FilterLogEvents\",\"logs:DescribeSubscriptionFilters\",\"logs:DescribeLogStreams\",\"logs:DescribeLogGroups\",\"logs:DeleteSubscriptionFilter\",\"lambda:List*\",\"lambda:GetPolicy\",\"kinesis:List*\",\"kinesis:Describe*\",\"health:DescribeEvents\",\"health:DescribeEventDetails\",\"health:DescribeAffectedEntities\",\"fsx:ListTagsForResource\",\"fsx:DescribeFileSystems\",\"events:CreateEventBus\",\"es:ListTags\",\"es:ListDomainNames\",\"es:DescribeElasticsearchDomains\",\"elasticmapreduce:List*\",\"elasticmapreduce:Describe*\",\"elasticloadbalancing:Describe*\",\"elasticfilesystem:DescribeTags\",\"elasticfilesystem:DescribeFileSystems\",\"elasticfilesystem:DescribeAccessPoints\",\"elasticache:List*\",\"elasticache:Describe*\",\"ecs:List*\",\"ecs:Describe*\",\"ec2:SearchTransitGatewayRoutes\",\"ec2:GetTransitGatewayPrefixListReferences\",\"ec2:Describe*\",\"dynamodb:List*\",\"dynamodb:Describe*\",\"directconnect:Describe*\",\"codedeploy:List*\",\"codedeploy:BatchGet*\",\"cloudwatch:List*\",\"cloudwatch:Get*\",\"cloudwatch:Describe*\",\"cloudtrail:LookupEvents\",\"cloudtrail:GetTrailStatus\",\"cloudtrail:DescribeTrails\",\"cloudfront:ListDistributions\",\"cloudfront:GetDistributionConfig\",\"budgets:ViewBudget\",\"budgets:*\",\"backup:List*\",\"autoscaling:Describe*\",\"apigateway:GET\"],\"Effect\":\"Allow\",\"Resource\":\"*\",\"Sid\":\"AllowDatadog\"}],\"Version\":\"2012-10-17\"}",
            "policy_id": "ANPAQ3EGSG2MIUAII5OHT",
            "tags": null,
            "tags_all": {}
          },
          "sensitive_attributes": [],
          "private": "bnVsbA==",
          "dependencies": [
            "data.aws_iam_policy_document.datadog"
          ]
        }
      ]
    },
    {
      "mode": "managed",
      "type": "aws_iam_role",
      "name": "datadog",
      "provider": "provider[\"registry.terraform.io/hashicorp/aws\"]",
      "instances": [
        {
          "schema_version": 0,
          "attributes": {
            "arn": "arn:aws:iam::058264270488:role/DatadogIntegrationRole",
            "assume_role_policy": "{\"Statement\":[{\"Action\":\"sts:AssumeRole\",\"Condition\":{\"StringEquals\":{\"sts:ExternalId\":\"c91fb9c7a5e94fa981d328a65b6d9146\"}},\"Effect\":\"Allow\",\"Principal\":{\"AWS\":\"arn:aws:iam::464622532012:root\"},\"Sid\":\"AllowDatadogAssumeRole\"}],\"Version\":\"2012-10-17\"}",
            "create_date": "2024-10-05T18:53:40Z",
            "description": "",
            "force_detach_policies": false,
            "id": "DatadogIntegrationRole",
            "inline_policy": [],
            "managed_policy_arns": [],
            "max_session_duration": 3600,
            "name": "DatadogIntegrationRole",
            "name_prefix": "",
            "path": "/",
            "permissions_boundary": "",
            "tags": null,
            "tags_all": {},
            "unique_id": "AROAQ3EGSG2MGJMXVTG77"
          },
          "sensitive_attributes": [],
          "private": "bnVsbA==",
          "dependencies": [
            "data.aws_caller_identity.current",
            "data.aws_iam_policy_document.datadog_assume_role",
            "datadog_integration_aws.sandbox"
          ]
        }
      ]
    },
    {
      "mode": "managed",
      "type": "aws_iam_role_policy_attachment",
      "name": "admin_policy",
      "provider": "provider[\"registry.terraform.io/hashicorp/aws\"]",
      "instances": [
        {
          "schema_version": 0,
          "attributes": {
            "id": "DatadogIntegrationRole-20241005185341231600000001",
            "policy_arn": "arn:aws:iam::058264270488:policy/DatadogIntegrationPolicy",
            "role": "DatadogIntegrationRole"
          },
          "sensitive_attributes": [],
          "private": "bnVsbA==",
          "dependencies": [
            "aws_iam_policy.datadog_policy",
            "aws_iam_role.datadog",
            "data.aws_caller_identity.current",
            "data.aws_iam_policy_document.datadog",
            "data.aws_iam_policy_document.datadog_assume_role",
            "datadog_integration_aws.sandbox"
          ]
        }
      ]
    },
    {
      "mode": "managed",
      "type": "datadog_dashboard",
      "name": "demo",
      "provider": "provider[\"registry.terraform.io/datadog/datadog\"]",
      "instances": [
        {
          "schema_version": 0,
          "attributes": {
            "dashboard_lists": null,
            "dashboard_lists_removed": [],
            "description": "A Datadog Dashboard for the demo deployment",
            "id": "4v7-pbv-vdq",
            "is_read_only": false,
            "layout_type": "ordered",
            "notify_list": null,
            "reflow_type": "",
            "restricted_roles": null,
            "tags": null,
            "template_variable": [],
            "template_variable_preset": [],
            "title": "demo Service",
            "url": "/dashboard/4v7-pbv-vdq/demo-service",
            "widget": [
              {
                "alert_graph_definition": [],
                "alert_value_definition": [],
                "change_definition": [],
                "check_status_definition": [],
                "distribution_definition": [],
                "event_stream_definition": [],
                "event_timeline_definition": [],
                "free_text_definition": [],
                "geomap_definition": [],
                "group_definition": [],
                "heatmap_definition": [],
                "hostmap_definition": [
                  {
                    "custom_link": [],
                    "group": null,
                    "no_group_hosts": true,
                    "no_metric_hosts": true,
                    "node_type": "container",
                    "request": [
                      {
                        "fill": [
                          {
                            "apm_query": [],
                            "log_query": [],
                            "process_query": [],
                            "q": "avg:process.stat.container.cpu.total_pct{image_name:onlydole/demo} by {host}",
                            "rum_query": [],
                            "security_query": []
                          }
                        ],
                        "size": []
                      }
                    ],
                    "scope": null,
                    "style": [
                      {
                        "fill_max": "",
                        "fill_min": "",
                        "palette": "hostmap_blues",
                        "palette_flip": false
                      }
                    ],
                    "title": "Kubernetes Pods",
                    "title_align": "",
                    "title_size": ""
                  }
                ],
                "id": 7890932250341078,
                "iframe_definition": [],
                "image_definition": [],
                "list_stream_definition": [],
                "log_stream_definition": [],
                "manage_status_definition": [],
                "note_definition": [],
                "powerpack_definition": [],
                "query_table_definition": [],
                "query_value_definition": [],
                "run_workflow_definition": [],
                "scatterplot_definition": [],
                "service_level_objective_definition": [],
                "servicemap_definition": [],
                "slo_list_definition": [],
                "split_graph_definition": [],
                "sunburst_definition": [],
                "timeseries_definition": [],
                "toplist_definition": [],
                "topology_map_definition": [],
                "trace_service_definition": [],
                "treemap_definition": [],
                "widget_layout": []
              },
              {
                "alert_graph_definition": [],
                "alert_value_definition": [],
                "change_definition": [],
                "check_status_definition": [],
                "distribution_definition": [],
                "event_stream_definition": [],
                "event_timeline_definition": [],
                "free_text_definition": [],
                "geomap_definition": [],
                "group_definition": [],
                "heatmap_definition": [],
                "hostmap_definition": [],
                "id": 3153849395220175,
                "iframe_definition": [],
                "image_definition": [],
                "list_stream_definition": [],
                "log_stream_definition": [],
                "manage_status_definition": [],
                "note_definition": [],
                "powerpack_definition": [],
                "query_table_definition": [],
                "query_value_definition": [],
                "run_workflow_definition": [],
                "scatterplot_definition": [],
                "service_level_objective_definition": [],
                "servicemap_definition": [],
                "slo_list_definition": [],
                "split_graph_definition": [],
                "sunburst_definition": [],
                "timeseries_definition": [
                  {
                    "custom_link": [],
                    "event": [],
                    "legend_columns": null,
                    "legend_layout": "",
                    "legend_size": "",
                    "live_span": "",
                    "marker": [],
                    "request": [
                      {
                        "apm_query": [],
                        "audit_query": [],
                        "display_type": "line",
                        "formula": [],
                        "log_query": [],
                        "metadata": [],
                        "network_query": [],
                        "on_right_yaxis": false,
                        "process_query": [],
                        "q": "top(avg:kubernetes.cpu.usage.total{image_name:onlydole/demo} by {short_image,container_id}, 10, 'mean', 'desc')",
                        "query": [],
                        "rum_query": [],
                        "security_query": [],
                        "style": [
                          {
                            "line_type": "solid",
                            "line_width": "normal",
                            "palette": "dog_classic"
                          }
                        ]
                      }
                    ],
                    "right_yaxis": [],
                    "show_legend": false,
                    "title": "CPU Utilization",
                    "title_align": "",
                    "title_size": "",
                    "yaxis": [
                      {
                        "include_zero": true,
                        "label": "",
                        "max": "auto",
                        "min": "auto",
                        "scale": "linear"
                      }
                    ]
                  }
                ],
                "toplist_definition": [],
                "topology_map_definition": [],
                "trace_service_definition": [],
                "treemap_definition": [],
                "widget_layout": []
              },
              {
                "alert_graph_definition": [
                  {
                    "alert_id": "1128415",
                    "live_span": "",
                    "title": "Kubernetes Node CPU",
                    "title_align": "",
                    "title_size": "",
                    "viz_type": "timeseries"
                  }
                ],
                "alert_value_definition": [],
                "change_definition": [],
                "check_status_definition": [],
                "distribution_definition": [],
                "event_stream_definition": [],
                "event_timeline_definition": [],
                "free_text_definition": [],
                "geomap_definition": [],
                "group_definition": [],
                "heatmap_definition": [],
                "hostmap_definition": [],
                "id": 3577886509379027,
                "iframe_definition": [],
                "image_definition": [],
                "list_stream_definition": [],
                "log_stream_definition": [],
                "manage_status_definition": [],
                "note_definition": [],
                "powerpack_definition": [],
                "query_table_definition": [],
                "query_value_definition": [],
                "run_workflow_definition": [],
                "scatterplot_definition": [],
                "service_level_objective_definition": [],
                "servicemap_definition": [],
                "slo_list_definition": [],
                "split_graph_definition": [],
                "sunburst_definition": [],
                "timeseries_definition": [],
                "toplist_definition": [],
                "topology_map_definition": [],
                "trace_service_definition": [],
                "treemap_definition": [],
                "widget_layout": []
              },
              {
                "alert_graph_definition": [],
                "alert_value_definition": [],
                "change_definition": [],
                "check_status_definition": [],
                "distribution_definition": [],
                "event_stream_definition": [],
                "event_timeline_definition": [],
                "free_text_definition": [],
                "geomap_definition": [],
                "group_definition": [],
                "heatmap_definition": [],
                "hostmap_definition": [
                  {
                    "custom_link": [],
                    "group": null,
                    "no_group_hosts": true,
                    "no_metric_hosts": true,
                    "node_type": "host",
                    "request": [
                      {
                        "fill": [
                          {
                            "apm_query": [],
                            "log_query": [],
                            "process_query": [],
                            "q": "avg:system.cpu.user{*} by {host}",
                            "rum_query": [],
                            "security_query": []
                          }
                        ],
                        "size": []
                      }
                    ],
                    "scope": null,
                    "style": [
                      {
                        "fill_max": "",
                        "fill_min": "",
                        "palette": "hostmap_blues",
                        "palette_flip": false
                      }
                    ],
                    "title": "Kubernetes Nodes",
                    "title_align": "",
                    "title_size": ""
                  }
                ],
                "id": 3558285794270545,
                "iframe_definition": [],
                "image_definition": [],
                "list_stream_definition": [],
                "log_stream_definition": [],
                "manage_status_definition": [],
                "note_definition": [],
                "powerpack_definition": [],
                "query_table_definition": [],
                "query_value_definition": [],
                "run_workflow_definition": [],
                "scatterplot_definition": [],
                "service_level_objective_definition": [],
                "servicemap_definition": [],
                "slo_list_definition": [],
                "split_graph_definition": [],
                "sunburst_definition": [],
                "timeseries_definition": [],
                "toplist_definition": [],
                "topology_map_definition": [],
                "trace_service_definition": [],
                "treemap_definition": [],
                "widget_layout": []
              },
              {
                "alert_graph_definition": [],
                "alert_value_definition": [],
                "change_definition": [],
                "check_status_definition": [],
                "distribution_definition": [],
                "event_stream_definition": [],
                "event_timeline_definition": [],
                "free_text_definition": [],
                "geomap_definition": [],
                "group_definition": [],
                "heatmap_definition": [],
                "hostmap_definition": [],
                "id": 7620083243197147,
                "iframe_definition": [],
                "image_definition": [],
                "list_stream_definition": [],
                "log_stream_definition": [],
                "manage_status_definition": [],
                "note_definition": [],
                "powerpack_definition": [],
                "query_table_definition": [],
                "query_value_definition": [],
                "run_workflow_definition": [],
                "scatterplot_definition": [],
                "service_level_objective_definition": [],
                "servicemap_definition": [],
                "slo_list_definition": [],
                "split_graph_definition": [],
                "sunburst_definition": [],
                "timeseries_definition": [
                  {
                    "custom_link": [],
                    "event": [],
                    "legend_columns": null,
                    "legend_layout": "",
                    "legend_size": "",
                    "live_span": "",
                    "marker": [],
                    "request": [
                      {
                        "apm_query": [],
                        "audit_query": [],
                        "display_type": "line",
                        "formula": [],
                        "log_query": [],
                        "metadata": [],
                        "network_query": [],
                        "on_right_yaxis": false,
                        "process_query": [],
                        "q": "top(avg:kubernetes.memory.usage{image_name:onlydole/demo} by {container_name}, 10, 'mean', 'desc')",
                        "query": [],
                        "rum_query": [],
                        "security_query": [],
                        "style": [
                          {
                            "line_type": "solid",
                            "line_width": "normal",
                            "palette": "dog_classic"
                          }
                        ]
                      }
                    ],
                    "right_yaxis": [],
                    "show_legend": false,
                    "title": "Memory Utilization",
                    "title_align": "",
                    "title_size": "",
                    "yaxis": [
                      {
                        "include_zero": true,
                        "label": "",
                        "max": "auto",
                        "min": "auto",
                        "scale": "linear"
                      }
                    ]
                  }
                ],
                "toplist_definition": [],
                "topology_map_definition": [],
                "trace_service_definition": [],
                "treemap_definition": [],
                "widget_layout": []
              }
            ]
          },
          "sensitive_attributes": [],
          "private": "bnVsbA==",
          "dependencies": [
            "datadog_monitor.demo"
          ]
        }
      ]
    },
    {
      "mode": "managed",
      "type": "datadog_integration_aws",
      "name": "sandbox",
      "provider": "provider[\"registry.terraform.io/datadog/datadog\"]",
      "instances": [
        {
          "schema_version": 0,
          "attributes": {
            "access_key_id": "",
            "account_id": "058264270488",
            "account_specific_namespace_rules": {
              "auto_scaling": false,
              "opsworks": false
            },
            "cspm_resource_collection_enabled": "false",
            "excluded_regions": null,
            "external_id": "c91fb9c7a5e94fa981d328a65b6d9146",
            "filter_tags": [
              "Name:Ansible-Ubuntu"
            ],
            "host_tags": [
              "Name:Ansible-Ubuntu"
            ],
            "id": "058264270488:DatadogIntegrationRole",
            "metrics_collection_enabled": "true",
            "resource_collection_enabled": "false",
            "role_name": "DatadogIntegrationRole",
            "secret_access_key": null
          },
          "sensitive_attributes": [
            [
              {
                "type": "get_attr",
                "value": "secret_access_key"
              }
            ]
          ],
          "private": "bnVsbA==",
          "dependencies": [
            "data.aws_caller_identity.current"
          ]
        }
      ]
    },
    {
      "mode": "managed",
      "type": "datadog_monitor",
      "name": "cpuMonitor1",
      "provider": "provider[\"registry.terraform.io/datadog/datadog\"]",
      "instances": [
        {
          "schema_version": 0,
          "attributes": {
            "enable_logs_sample": null,
            "enable_samples": null,
            "escalation_message": "",
            "evaluation_delay": 0,
            "force_delete": null,
            "group_retention_duration": "",
            "groupby_simple_monitor": null,
            "id": "1128414",
            "include_tags": true,
            "locked": false,
            "message": "CPU usage alert",
            "monitor_threshold_windows": [],
            "monitor_thresholds": [],
            "name": "cpu monitor",
            "new_group_delay": 0,
            "new_host_delay": 300,
            "no_data_timeframe": 0,
            "notification_preset_name": "",
            "notify_audit": false,
            "notify_by": null,
            "notify_no_data": false,
            "on_missing_data": "",
            "priority": 0,
            "query": "avg(last_1m):avg:system.cpu.system{*} by {host} \u003e 60",
            "renotify_interval": 0,
            "renotify_occurrences": 0,
            "renotify_statuses": null,
            "require_full_window": true,
            "restricted_roles": null,
            "scheduling_options": [],
            "tags": null,
            "timeout_h": 0,
            "type": "metric alert",
            "validate": null,
            "variables": []
          },
          "sensitive_attributes": [],
          "private": "bnVsbA=="
        }
      ]
    },
    {
      "mode": "managed",
      "type": "datadog_monitor",
      "name": "demo",
      "provider": "provider[\"registry.terraform.io/datadog/datadog\"]",
      "instances": [
        {
          "schema_version": 0,
          "attributes": {
            "enable_logs_sample": null,
            "enable_samples": null,
            "escalation_message": "Please investigate the Kubernetes Pods, @operator",
            "evaluation_delay": 0,
            "force_delete": null,
            "group_retention_duration": "",
            "groupby_simple_monitor": null,
            "id": "1128415",
            "include_tags": true,
            "locked": false,
            "message": "Kubernetes Pods are not in an optimal health state. Notify: @operator",
            "monitor_threshold_windows": [],
            "monitor_thresholds": [
              {
                "critical": "1",
                "critical_recovery": "",
                "ok": "",
                "unknown": "",
                "warning": "2",
                "warning_recovery": ""
              }
            ],
            "name": "Kubernetes Pod Health",
            "new_group_delay": 0,
            "new_host_delay": 300,
            "no_data_timeframe": 10,
            "notification_preset_name": "",
            "notify_audit": false,
            "notify_by": null,
            "notify_no_data": true,
            "on_missing_data": "",
            "priority": 1,
            "query": "max(last_1m):sum:kubernetes.containers.running{short_image:demo} \u003c= 1",
            "renotify_interval": 0,
            "renotify_occurrences": 0,
            "renotify_statuses": null,
            "require_full_window": true,
            "restricted_roles": null,
            "scheduling_options": [],
            "tags": [
              "app:demo",
              "env:demo"
            ],
            "timeout_h": 0,
            "type": "metric alert",
            "validate": null,
            "variables": []
          },
          "sensitive_attributes": [],
          "private": "bnVsbA=="
        }
      ]
    },
    {
      "mode": "managed",
      "type": "datadog_monitor",
      "name": "ec2",
      "provider": "provider[\"registry.terraform.io/datadog/datadog\"]",
      "instances": [
        {
          "schema_version": 0,
          "attributes": {
            "enable_logs_sample": null,
            "enable_samples": null,
            "escalation_message": "",
            "evaluation_delay": 0,
            "force_delete": null,
            "group_retention_duration": "",
            "groupby_simple_monitor": null,
            "id": "1128416",
            "include_tags": true,
            "locked": false,
            "message": "CPU utilization is above 4.",
            "monitor_threshold_windows": [],
            "monitor_thresholds": [
              {
                "critical": "4",
                "critical_recovery": "2",
                "ok": "",
                "unknown": "",
                "warning": "3",
                "warning_recovery": "2.5"
              }
            ],
            "name": "Terraform Example Monitor",
            "new_group_delay": 0,
            "new_host_delay": 300,
            "no_data_timeframe": 2,
            "notification_preset_name": "",
            "notify_audit": false,
            "notify_by": null,
            "notify_no_data": true,
            "on_missing_data": "",
            "priority": 2,
            "query": "avg(last_1h):avg:aws.ec2.cpu{env:prod} by {host} \u003e 4",
            "renotify_interval": 0,
            "renotify_occurrences": 0,
            "renotify_statuses": null,
            "require_full_window": true,
            "restricted_roles": null,
            "scheduling_options": [],
            "tags": [
              "env:prod"
            ],
            "timeout_h": 0,
            "type": "query alert",
            "validate": null,
            "variables": []
          },
          "sensitive_attributes": [],
          "private": "bnVsbA=="
        }
      ]
    },
    {
      "mode": "managed",
      "type": "datadog_monitor",
      "name": "foo",
      "provider": "provider[\"registry.terraform.io/datadog/datadog\"]",
      "instances": [
        {
          "schema_version": 0,
          "attributes": {
            "enable_logs_sample": null,
            "enable_samples": null,
            "escalation_message": "",
            "evaluation_delay": 0,
            "force_delete": null,
            "group_retention_duration": "",
            "groupby_simple_monitor": null,
            "id": "1128413",
            "include_tags": true,
            "locked": false,
            "message": "Monitor triggered. Notify: @hipchat-channel",
            "monitor_threshold_windows": [],
            "monitor_thresholds": [
              {
                "critical": "2",
                "critical_recovery": "",
                "ok": "",
                "unknown": "",
                "warning": "1",
                "warning_recovery": ""
              }
            ],
            "name": "Name for monitor foo",
            "new_group_delay": 0,
            "new_host_delay": 300,
            "no_data_timeframe": 0,
            "notification_preset_name": "",
            "notify_audit": false,
            "notify_by": null,
            "notify_no_data": false,
            "on_missing_data": "",
            "priority": 0,
            "query": "avg(last_1h):avg:aws.ec2.cpu{environment:foo,host:foo} by {host} \u003e 2",
            "renotify_interval": 0,
            "renotify_occurrences": 0,
            "renotify_statuses": null,
            "require_full_window": true,
            "restricted_roles": null,
            "scheduling_options": [],
            "tags": [
              "baz",
              "foo:bar"
            ],
            "timeout_h": 24,
            "type": "metric alert",
            "validate": null,
            "variables": []
          },
          "sensitive_attributes": [],
          "private": "bnVsbA=="
        }
      ]
    },
    {
      "mode": "managed",
      "type": "datadog_monitor",
      "name": "process_alert_example",
      "provider": "provider[\"registry.terraform.io/datadog/datadog\"]",
      "instances": [
        {
          "schema_version": 0,
          "attributes": {
            "enable_logs_sample": null,
            "enable_samples": null,
            "escalation_message": "",
            "evaluation_delay": 0,
            "force_delete": null,
            "group_retention_duration": "",
            "groupby_simple_monitor": null,
            "id": "1128412",
            "include_tags": true,
            "locked": false,
            "message": "Multiple Java processes running on example-tag",
            "monitor_threshold_windows": [],
            "monitor_thresholds": [
              {
                "critical": "1",
                "critical_recovery": "0",
                "ok": "",
                "unknown": "",
                "warning": "",
                "warning_recovery": ""
              }
            ],
            "name": "Process Alert Monitor",
            "new_group_delay": 0,
            "new_host_delay": 300,
            "no_data_timeframe": 0,
            "notification_preset_name": "",
            "notify_audit": false,
            "notify_by": null,
            "notify_no_data": false,
            "on_missing_data": "",
            "priority": 0,
            "query": "processes('java').over('example-tag').rollup('count').last('10m') \u003e 1",
            "renotify_interval": 60,
            "renotify_occurrences": 0,
            "renotify_statuses": null,
            "require_full_window": true,
            "restricted_roles": null,
            "scheduling_options": [],
            "tags": null,
            "timeout_h": 0,
            "type": "process alert",
            "validate": null,
            "variables": []
          },
          "sensitive_attributes": [],
          "private": "bnVsbA=="
        }
      ]
    },
    {
      "mode": "managed",
      "type": "datadog_team",
      "name": "teams",
      "provider": "provider[\"registry.terraform.io/datadog/datadog\"]",
      "instances": [
        {
          "index_key": "admin",
          "schema_version": 0,
          "attributes": {
            "description": "Teams",
            "handle": "devops-team",
            "id": "abe928ca-ca04-4789-8a8c-d25bcad5d705",
            "link_count": 0,
            "name": "cloud",
            "summary": "Teams",
            "user_count": 0
          },
          "sensitive_attributes": []
        },
        {
          "index_key": "developers",
          "schema_version": 0,
          "attributes": {
            "description": "Teams",
            "handle": "dev-team",
            "id": "50240195-e9e1-47d9-9a7f-c9455cddba95",
            "link_count": 0,
            "name": "dev",
            "summary": "Teams",
            "user_count": 0
          },
          "sensitive_attributes": []
        },
        {
          "index_key": "platform-ro",
          "schema_version": 0,
          "attributes": {
            "description": "Teams",
            "handle": "platform-team",
            "id": "d1a68ae5-a278-4796-8ebb-f5d5b7630c53",
            "link_count": 0,
            "name": "platform",
            "summary": "Teams",
            "user_count": 0
          },
          "sensitive_attributes": []
        }
      ]
    },
    {
      "mode": "managed",
      "type": "datadog_team_membership",
      "name": "cloud",
      "provider": "provider[\"registry.terraform.io/datadog/datadog\"]",
      "instances": [
        {
          "schema_version": 0,
          "attributes": {
            "id": "TeamMembership-abe928ca-ca04-4789-8a8c-d25bcad5d705-1555266",
            "role": null,
            "team_id": "abe928ca-ca04-4789-8a8c-d25bcad5d705",
            "user_id": "fb7f8ea5-801a-11ef-9059-623dbdc5151f"
          },
          "sensitive_attributes": [],
          "dependencies": [
            "data.datadog_role.ro_role",
            "data.datadog_role.st_role",
            "datadog_team.teams",
            "datadog_user.platform"
          ]
        }
      ]
    },
    {
      "mode": "managed",
      "type": "datadog_team_membership",
      "name": "platform",
      "provider": "provider[\"registry.terraform.io/datadog/datadog\"]",
      "instances": [
        {
          "schema_version": 0,
          "attributes": {
            "id": "TeamMembership-d1a68ae5-a278-4796-8ebb-f5d5b7630c53-1555238",
            "role": null,
            "team_id": "d1a68ae5-a278-4796-8ebb-f5d5b7630c53",
            "user_id": "eb84b6e3-8019-11ef-aa86-5e3b8f8f8f51"
          },
          "sensitive_attributes": [],
          "dependencies": [
            "data.datadog_role.ro_role",
            "data.datadog_role.st_role",
            "datadog_team.teams",
            "datadog_user.platform"
          ]
        }
      ]
    },
    {
      "mode": "managed",
      "type": "datadog_user",
      "name": "platform",
      "provider": "provider[\"registry.terraform.io/datadog/datadog\"]",
      "instances": [
        {
          "index_key": "cloud",
          "schema_version": 0,
          "attributes": {
            "disabled": false,
            "email": "rotimiakinboro@gmail.com",
            "id": "eb84b6e3-8019-11ef-aa86-5e3b8f8f8f51",
            "name": "rothytest",
            "roles": [
              "210f64a0-7ffa-11ef-9ba6-da7ad0900005"
            ],
            "send_user_invitation": true,
            "user_invitation_id": "22fe7658-834b-11ef-a5d0-da7ad0900005",
            "verified": false
          },
          "sensitive_attributes": [],
          "private": "bnVsbA==",
          "dependencies": [
            "data.datadog_role.ro_role",
            "data.datadog_role.st_role"
          ]
        },
        {
          "index_key": "platform",
          "schema_version": 0,
          "attributes": {
            "disabled": false,
            "email": "rothydevops@gmail.com",
            "id": "fb7f8ea5-801a-11ef-9059-623dbdc5151f",
            "name": "rothy",
            "roles": [
              "21080282-7ffa-11ef-b126-da7ad0900005"
            ],
            "send_user_invitation": true,
            "user_invitation_id": "2309de44-834b-11ef-9021-da7ad0900005",
            "verified": false
          },
          "sensitive_attributes": [],
          "private": "bnVsbA==",
          "dependencies": [
            "data.datadog_role.ro_role",
            "data.datadog_role.st_role"
          ]
        }
      ]
    },
    {
      "mode": "managed",
      "type": "helm_release",
      "name": "datadog_agent",
      "provider": "provider[\"registry.terraform.io/hashicorp/helm\"]",
      "instances": [
        {
          "schema_version": 1,
          "attributes": {
            "atomic": false,
            "chart": "datadog",
            "cleanup_on_fail": false,
            "create_namespace": true,
            "dependency_update": true,
            "description": null,
            "devel": null,
            "disable_crd_hooks": false,
            "disable_openapi_validation": false,
            "disable_webhooks": false,
            "force_update": true,
            "id": "datadog-agent",
            "keyring": null,
            "lint": false,
            "manifest": null,
            "max_history": 0,
            "metadata": [
              {
                "app_version": "7",
                "chart": "datadog",
                "name": "datadog-agent",
                "namespace": "demo",
                "revision": 1,
                "values": "{\"clusterAgent\":{\"enabled\":true,\"metricsProvider\":{\"enabled\":true},\"replicas\":2},\"datadog\":{\"apiKey\":\"(sensitive value)\",\"clusterName\":\"demo\",\"collectEvents\":true,\"hostVolumeMountPropagation\":\"HostToContainer\",\"leaderElection\":true,\"logs\":{\"containerCollectAll\":true,\"enabled\":true},\"site\":\"us5.datadoghq.com\"},\"kubeStateMetrics\":{\"enabled\":true},\"kubeStateMetricsCore\":{\"enabled\":true},\"meta\":{\"helm\":{\"sh/release-namespace\":\"demo\"}},\"networkMonitoring\":{\"enabled\":true},\"orchestratorExplorer\":{\"enabled\":true},\"processAgent\":{\"enabled\":true},\"securityAgent\":{\"runtime\":{\"enabled\":true}},\"systemProbe\":{\"enableOOMKill\":true,\"enableTCPQueueLength\":true}}",
                "version": "3.73.1"
              }
            ],
            "name": "datadog-agent",
            "namespace": "demo",
            "pass_credentials": false,
            "postrender": [],
            "recreate_pods": false,
            "render_subchart_notes": true,
            "replace": false,
            "repository": "https://helm.datadoghq.com",
            "repository_ca_file": null,
            "repository_cert_file": null,
            "repository_key_file": null,
            "repository_password": null,
            "repository_username": null,
            "reset_values": false,
            "reuse_values": true,
            "set": [
              {
                "name": "clusterAgent.enabled",
                "type": "",
                "value": "true"
              },
              {
                "name": "clusterAgent.metricsProvider.enabled",
                "type": "",
                "value": "true"
              },
              {
                "name": "clusterAgent.replicas",
                "type": "",
                "value": "2"
              },
              {
                "name": "datadog.clusterName",
                "type": "",
                "value": "demo"
              },
              {
                "name": "datadog.collectEvents",
                "type": "",
                "value": "true"
              },
              {
                "name": "datadog.hostVolumeMountPropagation",
                "type": "",
                "value": "HostToContainer"
              },
              {
                "name": "datadog.leaderElection",
                "type": "",
                "value": "true"
              },
              {
                "name": "datadog.logs.containerCollectAll",
                "type": "",
                "value": "true"
              },
              {
                "name": "datadog.logs.enabled",
                "type": "",
                "value": "true"
              },
              {
                "name": "datadog.site",
                "type": "",
                "value": "us5.datadoghq.com"
              },
              {
                "name": "kubeStateMetrics.enabled",
                "type": "",
                "value": "true"
              },
              {
                "name": "kubeStateMetricsCore.enabled",
                "type": "",
                "value": "true"
              },
              {
                "name": "meta.helm.sh/release-namespace",
                "type": "",
                "value": "demo"
              },
              {
                "name": "networkMonitoring.enabled",
                "type": "",
                "value": "true"
              },
              {
                "name": "orchestratorExplorer.enabled",
                "type": "",
                "value": "true"
              },
              {
                "name": "processAgent.enabled",
                "type": "",
                "value": "true"
              },
              {
                "name": "securityAgent.runtime.enabled",
                "type": "",
                "value": "true"
              },
              {
                "name": "systemProbe.enableOOMKill",
                "type": "",
                "value": "true"
              },
              {
                "name": "systemProbe.enableTCPQueueLength",
                "type": "",
                "value": "true"
              }
            ],
            "set_list": [],
            "set_sensitive": [
              {
                "name": "datadog.apiKey",
                "type": "",
                "value": "5378ab53f298280746de0341769158b1"
              }
            ],
            "skip_crds": false,
            "status": "deployed",
            "timeout": 300,
            "values": null,
            "verify": false,
            "version": "3.73.1",
            "wait": true,
            "wait_for_jobs": false
          },
          "sensitive_attributes": [
            [
              {
                "type": "get_attr",
                "value": "set_sensitive"
              }
            ],
            [
              {
                "type": "get_attr",
                "value": "repository_password"
              }
            ]
          ],
          "private": "eyJzY2hlbWFfdmVyc2lvbiI6IjEifQ==",
          "dependencies": [
            "data.aws_eks_cluster.cluster",
            "data.aws_eks_cluster_auth.cluster"
          ]
        }
      ]
    }
  ],
  "check_results": null
}
